
Microsoft Visual Studio Solution File, Format Version 12.00
# Visual Studio Version 16
VisualStudioVersion = 16.0.31019.35
MinimumVisualStudioVersion = 10.0.40219.1
Project("{FAE04EC0-301F-11D3-BF4B-00C04F79EFBC}") = "WFA210304", "WFA210304\WFA210304.csproj", "{F8B8B880-B85F-4FC5-827C-049317F4378B}"
EndProject
Global
	GlobalSection(SolutionConfigurationPlatforms) = preSolution
		Debug|Any CPU = Debug|Any CPU
		Release|Any CPU = Release|Any CPU
	EndGlobalSection
	GlobalSection(ProjectConfigurationPlatforms) = postSolution
		{F8B8B880-B85F-4FC5-827C-049317F4378B}.Debug|Any CPU.ActiveCfg = Debug|Any CPU
		{F8B8B880-B85F-4FC5-827C-049317F4378B}.Debug|Any CPU.Build.0 = Debug|Any CPU
		{F8B8B880-B85F-4FC5-827C-049317F4378B}.Release|Any CPU.ActiveCfg = Release|Any CPU
		{F8B8B880-B85F-4FC5-827C-049317F4378B}.Release|Any CPU.Build.0 = Release|Any CPU
	EndGlobalSection
	GlobalSection(SolutionProperties) = preSolution
		HideSolutionNode = FALSE
	EndGlobalSection
	GlobalSection(ExtensibilityGlobals) = postSolution
		SolutionGuid = {8109D711-1B2A-42F4-BC99-05F6EC74765C}
	EndGlobalSection
EndGlobal
